
Microsoft Visual Studio Solution File, Format Version 12.00
# Visual Studio Version 16
VisualStudioVersion = 16.0.30114.105
MinimumVisualStudioVersion = 10.0.40219.1
Project("{FAE04EC0-301F-11D3-BF4B-00C04F79EFBC}") = "NotAlone.Models", "NotAlone.Models\NotAlone.Models.csproj", "{C045DA49-17A0-48F4-A3CC-FEA33DDFB8A3}"
EndProject
Project("{FAE04EC0-301F-11D3-BF4B-00C04F79EFBC}") = "NotAlone.Services", "NotAlone.Services\NotAlone.Services.csproj", "{EB08F71E-B22E-4D78-9B01-FC3364C9D29B}"
EndProject
Project("{FAE04EC0-301F-11D3-BF4B-00C04F79EFBC}") = "NotAlone.WebApp", "NotAlone.WebApp\NotAlone.WebApp.csproj", "{F6EBA158-84FC-4074-9BB5-D9000BB929BA}"
EndProject
Project("{FAE04EC0-301F-11D3-BF4B-00C04F79EFBC}") = "NotAlone.Common", "NotAlone.Common\NotAlone.Common.csproj", "{C87E5579-38CC-4104-B0C5-F6E00D567FAE}"
EndProject
Project("{FAE04EC0-301F-11D3-BF4B-00C04F79EFBC}") = "NotAlone.Domain", "NotAlone.Domain\NotAlone.Domain.csproj", "{F0592FDE-F351-4A93-9AF5-30006E6C6ED3}"
EndProject
Global
	GlobalSection(SolutionConfigurationPlatforms) = preSolution
		Debug|Any CPU = Debug|Any CPU
		Debug|x64 = Debug|x64
		Debug|x86 = Debug|x86
		Release|Any CPU = Release|Any CPU
		Release|x64 = Release|x64
		Release|x86 = Release|x86
	EndGlobalSection
	GlobalSection(SolutionProperties) = preSolution
		HideSolutionNode = FALSE
	EndGlobalSection
	GlobalSection(ProjectConfigurationPlatforms) = postSolution
		{C045DA49-17A0-48F4-A3CC-FEA33DDFB8A3}.Debug|Any CPU.ActiveCfg = Debug|Any CPU
		{C045DA49-17A0-48F4-A3CC-FEA33DDFB8A3}.Debug|Any CPU.Build.0 = Debug|Any CPU
		{C045DA49-17A0-48F4-A3CC-FEA33DDFB8A3}.Debug|x64.ActiveCfg = Debug|Any CPU
		{C045DA49-17A0-48F4-A3CC-FEA33DDFB8A3}.Debug|x64.Build.0 = Debug|Any CPU
		{C045DA49-17A0-48F4-A3CC-FEA33DDFB8A3}.Debug|x86.ActiveCfg = Debug|Any CPU
		{C045DA49-17A0-48F4-A3CC-FEA33DDFB8A3}.Debug|x86.Build.0 = Debug|Any CPU
		{C045DA49-17A0-48F4-A3CC-FEA33DDFB8A3}.Release|Any CPU.ActiveCfg = Release|Any CPU
		{C045DA49-17A0-48F4-A3CC-FEA33DDFB8A3}.Release|Any CPU.Build.0 = Release|Any CPU
		{C045DA49-17A0-48F4-A3CC-FEA33DDFB8A3}.Release|x64.ActiveCfg = Release|Any CPU
		{C045DA49-17A0-48F4-A3CC-FEA33DDFB8A3}.Release|x64.Build.0 = Release|Any CPU
		{C045DA49-17A0-48F4-A3CC-FEA33DDFB8A3}.Release|x86.ActiveCfg = Release|Any CPU
		{C045DA49-17A0-48F4-A3CC-FEA33DDFB8A3}.Release|x86.Build.0 = Release|Any CPU
		{EB08F71E-B22E-4D78-9B01-FC3364C9D29B}.Debug|Any CPU.ActiveCfg = Debug|Any CPU
		{EB08F71E-B22E-4D78-9B01-FC3364C9D29B}.Debug|Any CPU.Build.0 = Debug|Any CPU
		{EB08F71E-B22E-4D78-9B01-FC3364C9D29B}.Debug|x64.ActiveCfg = Debug|Any CPU
		{EB08F71E-B22E-4D78-9B01-FC3364C9D29B}.Debug|x64.Build.0 = Debug|Any CPU
		{EB08F71E-B22E-4D78-9B01-FC3364C9D29B}.Debug|x86.ActiveCfg = Debug|Any CPU
		{EB08F71E-B22E-4D78-9B01-FC3364C9D29B}.Debug|x86.Build.0 = Debug|Any CPU
		{EB08F71E-B22E-4D78-9B01-FC3364C9D29B}.Release|Any CPU.ActiveCfg = Release|Any CPU
		{EB08F71E-B22E-4D78-9B01-FC3364C9D29B}.Release|Any CPU.Build.0 = Release|Any CPU
		{EB08F71E-B22E-4D78-9B01-FC3364C9D29B}.Release|x64.ActiveCfg = Release|Any CPU
		{EB08F71E-B22E-4D78-9B01-FC3364C9D29B}.Release|x64.Build.0 = Release|Any CPU
		{EB08F71E-B22E-4D78-9B01-FC3364C9D29B}.Release|x86.ActiveCfg = Release|Any CPU
		{EB08F71E-B22E-4D78-9B01-FC3364C9D29B}.Release|x86.Build.0 = Release|Any CPU
		{F6EBA158-84FC-4074-9BB5-D9000BB929BA}.Debug|Any CPU.ActiveCfg = Debug|Any CPU
		{F6EBA158-84FC-4074-9BB5-D9000BB929BA}.Debug|Any CPU.Build.0 = Debug|Any CPU
		{F6EBA158-84FC-4074-9BB5-D9000BB929BA}.Debug|x64.ActiveCfg = Debug|Any CPU
		{F6EBA158-84FC-4074-9BB5-D9000BB929BA}.Debug|x64.Build.0 = Debug|Any CPU
		{F6EBA158-84FC-4074-9BB5-D9000BB929BA}.Debug|x86.ActiveCfg = Debug|Any CPU
		{F6EBA158-84FC-4074-9BB5-D9000BB929BA}.Debug|x86.Build.0 = Debug|Any CPU
		{F6EBA158-84FC-4074-9BB5-D9000BB929BA}.Release|Any CPU.ActiveCfg = Release|Any CPU
		{F6EBA158-84FC-4074-9BB5-D9000BB929BA}.Release|Any CPU.Build.0 = Release|Any CPU
		{F6EBA158-84FC-4074-9BB5-D9000BB929BA}.Release|x64.ActiveCfg = Release|Any CPU
		{F6EBA158-84FC-4074-9BB5-D9000BB929BA}.Release|x64.Build.0 = Release|Any CPU
		{F6EBA158-84FC-4074-9BB5-D9000BB929BA}.Release|x86.ActiveCfg = Release|Any CPU
		{F6EBA158-84FC-4074-9BB5-D9000BB929BA}.Release|x86.Build.0 = Release|Any CPU
		{C87E5579-38CC-4104-B0C5-F6E00D567FAE}.Debug|Any CPU.ActiveCfg = Debug|Any CPU
		{C87E5579-38CC-4104-B0C5-F6E00D567FAE}.Debug|Any CPU.Build.0 = Debug|Any CPU
		{C87E5579-38CC-4104-B0C5-F6E00D567FAE}.Debug|x64.ActiveCfg = Debug|Any CPU
		{C87E5579-38CC-4104-B0C5-F6E00D567FAE}.Debug|x64.Build.0 = Debug|Any CPU
		{C87E5579-38CC-4104-B0C5-F6E00D567FAE}.Debug|x86.ActiveCfg = Debug|Any CPU
		{C87E5579-38CC-4104-B0C5-F6E00D567FAE}.Debug|x86.Build.0 = Debug|Any CPU
		{C87E5579-38CC-4104-B0C5-F6E00D567FAE}.Release|Any CPU.ActiveCfg = Release|Any CPU
		{C87E5579-38CC-4104-B0C5-F6E00D567FAE}.Release|Any CPU.Build.0 = Release|Any CPU
		{C87E5579-38CC-4104-B0C5-F6E00D567FAE}.Release|x64.ActiveCfg = Release|Any CPU
		{C87E5579-38CC-4104-B0C5-F6E00D567FAE}.Release|x64.Build.0 = Release|Any CPU
		{C87E5579-38CC-4104-B0C5-F6E00D567FAE}.Release|x86.ActiveCfg = Release|Any CPU
		{C87E5579-38CC-4104-B0C5-F6E00D567FAE}.Release|x86.Build.0 = Release|Any CPU
		{F0592FDE-F351-4A93-9AF5-30006E6C6ED3}.Debug|Any CPU.ActiveCfg = Debug|Any CPU
		{F0592FDE-F351-4A93-9AF5-30006E6C6ED3}.Debug|Any CPU.Build.0 = Debug|Any CPU
		{F0592FDE-F351-4A93-9AF5-30006E6C6ED3}.Debug|x64.ActiveCfg = Debug|Any CPU
		{F0592FDE-F351-4A93-9AF5-30006E6C6ED3}.Debug|x64.Build.0 = Debug|Any CPU
		{F0592FDE-F351-4A93-9AF5-30006E6C6ED3}.Debug|x86.ActiveCfg = Debug|Any CPU
		{F0592FDE-F351-4A93-9AF5-30006E6C6ED3}.Debug|x86.Build.0 = Debug|Any CPU
		{F0592FDE-F351-4A93-9AF5-30006E6C6ED3}.Release|Any CPU.ActiveCfg = Release|Any CPU
		{F0592FDE-F351-4A93-9AF5-30006E6C6ED3}.Release|Any CPU.Build.0 = Release|Any CPU
		{F0592FDE-F351-4A93-9AF5-30006E6C6ED3}.Release|x64.ActiveCfg = Release|Any CPU
		{F0592FDE-F351-4A93-9AF5-30006E6C6ED3}.Release|x64.Build.0 = Release|Any CPU
		{F0592FDE-F351-4A93-9AF5-30006E6C6ED3}.Release|x86.ActiveCfg = Release|Any CPU
		{F0592FDE-F351-4A93-9AF5-30006E6C6ED3}.Release|x86.Build.0 = Release|Any CPU
	EndGlobalSection
EndGlobal
